// !$*UTF8*$!
{
	archiveVersion = 1;
	classes = {
	};
	objectVersion = 50;
	objects = {

/* Begin PBXBuildFile section */
		A50A0CD32292D682000F2639 /* RTCLogUtil.m in Sources */ = {isa = PBXBuildFile; fileRef = A50A0CC92292D680000F2639 /* RTCLogUtil.m */; };
		A50A0CD42292D682000F2639 /* RTCBaseModule.m in Sources */ = {isa = PBXBuildFile; fileRef = A50A0CCC2292D681000F2639 /* RTCBaseModule.m */; };
		A50A0CD52292D682000F2639 /* RTCStreamInfo.m in Sources */ = {isa = PBXBuildFile; fileRef = A50A0CCF2292D681000F2639 /* RTCStreamInfo.m */; };
		A5C019AF229518C800D97512 /* RTCVerifyUtil.m in Sources */ = {isa = PBXBuildFile; fileRef = A5C019AD229518C800D97512 /* RTCVerifyUtil.m */; };
/* End PBXBuildFile section */

/* Begin PBXCopyFilesBuildPhase section */
		A5EB260C2244ECD7000AC6CD /* CopyFiles */ = {
			isa = PBXCopyFilesBuildPhase;
			buildActionMask = 2147483647;
			dstPath = "include/$(PRODUCT_NAME)";
			dstSubfolderSpec = 16;
			files = (
			);
			runOnlyForDeploymentPostprocessing = 0;
		};
/* End PBXCopyFilesBuildPhase section */

/* Begin PBXFileReference section */
		A50A0CC92292D680000F2639 /* RTCLogUtil.m */ = {isa = PBXFileReference; fileEncoding = 4; lastKnownFileType = sourcecode.c.objc; path = RTCLogUtil.m; sourceTree = "<group>"; };
		A50A0CCA2292D681000F2639 /* RTCStreamInfo.h */ = {isa = PBXFileReference; fileEncoding = 4; lastKnownFileType = sourcecode.c.h; path = RTCStreamInfo.h; sourceTree = "<group>"; };
		A50A0CCB2292D681000F2639 /* RTCBaseManager.h */ = {isa = PBXFileReference; fileEncoding = 4; lastKnownFileType = sourcecode.c.h; path = RTCBaseManager.h; sourceTree = "<group>"; };
		A50A0CCC2292D681000F2639 /* RTCBaseModule.m */ = {isa = PBXFileReference; fileEncoding = 4; lastKnownFileType = sourcecode.c.objc; path = RTCBaseModule.m; sourceTree = "<group>"; };
		A50A0CCD2292D681000F2639 /* RTCConfig.h */ = {isa = PBXFileReference; fileEncoding = 4; lastKnownFileType = sourcecode.c.h; path = RTCConfig.h; sourceTree = "<group>"; };
		A50A0CCE2292D681000F2639 /* RTCLogUtil.h */ = {isa = PBXFileReference; fileEncoding = 4; lastKnownFileType = sourcecode.c.h; path = RTCLogUtil.h; sourceTree = "<group>"; };
		A50A0CCF2292D681000F2639 /* RTCStreamInfo.m */ = {isa = PBXFileReference; fileEncoding = 4; lastKnownFileType = sourcecode.c.objc; path = RTCStreamInfo.m; sourceTree = "<group>"; };
		A50A0CD02292D682000F2639 /* RTCBaseModule.h */ = {isa = PBXFileReference; fileEncoding = 4; lastKnownFileType = sourcecode.c.h; path = RTCBaseModule.h; sourceTree = "<group>"; };
		A50A0CD12292D682000F2639 /* RTCEvents.h */ = {isa = PBXFileReference; fileEncoding = 4; lastKnownFileType = sourcecode.c.h; path = RTCEvents.h; sourceTree = "<group>"; };
		A50A0CD22292D682000F2639 /* RTCBaseView.h */ = {isa = PBXFileReference; fileEncoding = 4; lastKnownFileType = sourcecode.c.h; path = RTCBaseView.h; sourceTree = "<group>"; };
		A5C019AD229518C800D97512 /* RTCVerifyUtil.m */ = {isa = PBXFileReference; fileEncoding = 4; lastKnownFileType = sourcecode.c.objc; path = RTCVerifyUtil.m; sourceTree = "<group>"; };
		A5C019AE229518C800D97512 /* RTCVerifyUtil.h */ = {isa = PBXFileReference; fileEncoding = 4; lastKnownFileType = sourcecode.c.h; path = RTCVerifyUtil.h; sourceTree = "<group>"; };
		A5EB260E2244ECD7000AC6CD /* libRNRtc.a */ = {isa = PBXFileReference; explicitFileType = archive.ar; includeInIndex = 0; path = libRNRtc.a; sourceTree = BUILT_PRODUCTS_DIR; };
/* End PBXFileReference section */

/* Begin PBXFrameworksBuildPhase section */
		A5EB260B2244ECD7000AC6CD /* Frameworks */ = {
			isa = PBXFrameworksBuildPhase;
			buildActionMask = 2147483647;
			files = (
			);
			runOnlyForDeploymentPostprocessing = 0;
		};
/* End PBXFrameworksBuildPhase section */

/* Begin PBXGroup section */
		A563BEF822886E7A0040647C /* RNRtc */ = {
			isa = PBXGroup;
			children = (
				A50A0CCB2292D681000F2639 /* RTCBaseManager.h */,
				A50A0CD02292D682000F2639 /* RTCBaseModule.h */,
				A50A0CCC2292D681000F2639 /* RTCBaseModule.m */,
				A50A0CD22292D682000F2639 /* RTCBaseView.h */,
				A50A0CCD2292D681000F2639 /* RTCConfig.h */,
				A50A0CD12292D682000F2639 /* RTCEvents.h */,
				A50A0CCE2292D681000F2639 /* RTCLogUtil.h */,
				A50A0CC92292D680000F2639 /* RTCLogUtil.m */,
				A50A0CCA2292D681000F2639 /* RTCStreamInfo.h */,
				A50A0CCF2292D681000F2639 /* RTCStreamInfo.m */,
				A5C019AE229518C800D97512 /* RTCVerifyUtil.h */,
				A5C019AD229518C800D97512 /* RTCVerifyUtil.m */,
			);
			path = RNRtc;
			sourceTree = "<group>";
		};
		A5EB26052244ECD7000AC6CD = {
			isa = PBXGroup;
			children = (
				A563BEF822886E7A0040647C /* RNRtc */,
				A5EB260F2244ECD7000AC6CD /* Products */,
			);
			sourceTree = "<group>";
		};
		A5EB260F2244ECD7000AC6CD /* Products */ = {
			isa = PBXGroup;
			children = (
				A5EB260E2244ECD7000AC6CD /* libRNRtc.a */,
			);
			name = Products;
			sourceTree = "<group>";
		};
/* End PBXGroup section */

/* Begin PBXNativeTarget section */
		A5EB260D2244ECD7000AC6CD /* RNRtc */ = {
			isa = PBXNativeTarget;
			buildConfigurationList = A5EB26172244ECD7000AC6CD /* Build configuration list for PBXNativeTarget "RNRtc" */;
			buildPhases = (
				A5EB260A2244ECD7000AC6CD /* Sources */,
				A5EB260B2244ECD7000AC6CD /* Frameworks */,
				A5EB260C2244ECD7000AC6CD /* CopyFiles */,
			);
			buildRules = (
			);
			dependencies = (
			);
			name = RNRtc;
			productName = RNRtc;
			productReference = A5EB260E2244ECD7000AC6CD /* libRNRtc.a */;
			productType = "com.apple.product-type.library.static";
		};
/* End PBXNativeTarget section */

/* Begin PBXProject section */
		A5EB26062244ECD7000AC6CD /* Project object */ = {
			isa = PBXProject;
			attributes = {
				LastUpgradeCheck = 1010;
				ORGANIZATIONNAME = HUI;
				TargetAttributes = {
					A5EB260D2244ECD7000AC6CD = {
						CreatedOnToolsVersion = 10.1;
					};
				};
			};
			buildConfigurationList = A5EB26092244ECD7000AC6CD /* Build configuration list for PBXProject "RNRtc" */;
			compatibilityVersion = "Xcode 9.3";
			developmentRegion = en;
			hasScannedForEncodings = 0;
			knownRegions = (
				en,
			);
			mainGroup = A5EB26052244ECD7000AC6CD;
			productRefGroup = A5EB260F2244ECD7000AC6CD /* Products */;
			projectDirPath = "";
			projectRoot = "";
			targets = (
				A5EB260D2244ECD7000AC6CD /* RNRtc */,
			);
		};
/* End PBXProject section */

/* Begin PBXSourcesBuildPhase section */
		A5EB260A2244ECD7000AC6CD /* Sources */ = {
			isa = PBXSourcesBuildPhase;
			buildActionMask = 2147483647;
			files = (
				A50A0CD52292D682000F2639 /* RTCStreamInfo.m in Sources */,
				A50A0CD42292D682000F2639 /* RTCBaseModule.m in Sources */,
				A5C019AF229518C800D97512 /* RTCVerifyUtil.m in Sources */,
				A50A0CD32292D682000F2639 /* RTCLogUtil.m in Sources */,
			);
			runOnlyForDeploymentPostprocessing = 0;
		};
/* End PBXSourcesBuildPhase section */

/* Begin XCBuildConfiguration section */
		A5EB26152244ECD7000AC6CD /* Debug */ = {
			isa = XCBuildConfiguration;
			buildSettings = {
				ALWAYS_SEARCH_USER_PATHS = NO;
				CLANG_ANALYZER_NONNULL = YES;
				CLANG_ANALYZER_NUMBER_OBJECT_CONVERSION = YES_AGGRESSIVE;
				CLANG_CXX_LANGUAGE_STANDARD = "gnu++14";
				CLANG_CXX_LIBRARY = "libc++";
				CLANG_ENABLE_MODULES = YES;
				CLANG_ENABLE_OBJC_ARC = YES;
				CLANG_ENABLE_OBJC_WEAK = YES;
				CLANG_WARN_BLOCK_CAPTURE_AUTORELEASING = YES;
				CLANG_WARN_BOOL_CONVERSION = YES;
				CLANG_WARN_COMMA = YES;
				CLANG_WARN_CONSTANT_CONVERSION = YES;
				CLANG_WARN_DEPRECATED_OBJC_IMPLEMENTATIONS = YES;
				CLANG_WARN_DIRECT_OBJC_ISA_USAGE = YES_ERROR;
				CLANG_WARN_DOCUMENTATION_COMMENTS = YES;
				CLANG_WARN_EMPTY_BODY = YES;
				CLANG_WARN_ENUM_CONVERSION = YES;
				CLANG_WARN_INFINITE_RECURSION = YES;
				CLANG_WARN_INT_CONVERSION = YES;
				CLANG_WARN_NON_LITERAL_NULL_CONVERSION = YES;
				CLANG_WARN_OBJC_IMPLICIT_RETAIN_SELF = YES;
				CLANG_WARN_OBJC_LITERAL_CONVERSION = YES;
				CLANG_WARN_OBJC_ROOT_CLASS = YES_ERROR;
				CLANG_WARN_RANGE_LOOP_ANALYSIS = YES;
				CLANG_WARN_STRICT_PROTOTYPES = YES;
				CLANG_WARN_SUSPICIOUS_MOVE = YES;
				CLANG_WARN_UNGUARDED_AVAILABILITY = YES_AGGRESSIVE;
				CLANG_WARN_UNREACHABLE_CODE = YES;
				CLANG_WARN__DUPLICATE_METHOD_MATCH = YES;
				CODE_SIGN_IDENTITY = "iPhone Developer";
				COPY_PHASE_STRIP = NO;
				DEBUG_INFORMATION_FORMAT = dwarf;
				ENABLE_STRICT_OBJC_MSGSEND = YES;
				ENABLE_TESTABILITY = YES;
				FRAMEWORK_SEARCH_PATHS = "$(inherited)";
				GCC_C_LANGUAGE_STANDARD = gnu11;
				GCC_DYNAMIC_NO_PIC = NO;
				GCC_NO_COMMON_BLOCKS = YES;
				GCC_OPTIMIZATION_LEVEL = 0;
				GCC_PREPROCESSOR_DEFINITIONS = (
					"DEBUG=1",
					"$(inherited)",
				);
				GCC_WARN_64_TO_32_BIT_CONVERSION = YES;
				GCC_WARN_ABOUT_RETURN_TYPE = YES_ERROR;
				GCC_WARN_UNDECLARED_SELECTOR = YES;
				GCC_WARN_UNINITIALIZED_AUTOS = YES_AGGRESSIVE;
				GCC_WARN_UNUSED_FUNCTION = YES;
				GCC_WARN_UNUSED_VARIABLE = YES;
				HEADER_SEARCH_PATHS = (
					"$(inherited)",
					"$(SRCROOT)/../node_modules/react-native/React/**",
				);
				IPHONEOS_DEPLOYMENT_TARGET = 8.0;
				LIBRARY_SEARCH_PATHS = "$(inherited)";
				MTL_ENABLE_DEBUG_INFO = INCLUDE_SOURCE;
				MTL_FAST_MATH = YES;
				ONLY_ACTIVE_ARCH = YES;
				SDKROOT = iphoneos;
			};
			name = Debug;
		};
		A5EB26162244ECD7000AC6CD /* Release */ = {
			isa = XCBuildConfiguration;
			buildSettings = {
				ALWAYS_SEARCH_USER_PATHS = NO;
				CLANG_ANALYZER_NONNULL = YES;
				CLANG_ANALYZER_NUMBER_OBJECT_CONVERSION = YES_AGGRESSIVE;
				CLANG_CXX_LANGUAGE_STANDARD = "gnu++14";
				CLANG_CXX_LIBRARY = "libc++";
				CLANG_ENABLE_MODULES = YES;
				CLANG_ENABLE_OBJC_ARC = YES;
				CLANG_ENABLE_OBJC_WEAK = YES;
				CLANG_WARN_BLOCK_CAPTURE_AUTORELEASING = YES;
				CLANG_WARN_BOOL_CONVERSION = YES;
				CLANG_WARN_COMMA = YES;
				CLANG_WARN_CONSTANT_CONVERSION = YES;
				CLANG_WARN_DEPRECATED_OBJC_IMPLEMENTATIONS = YES;
				CLANG_WARN_DIRECT_OBJC_ISA_USAGE = YES_ERROR;
				CLANG_WARN_DOCUMENTATION_COMMENTS = YES;
				CLANG_WARN_EMPTY_BODY = YES;
				CLANG_WARN_ENUM_CONVERSION = YES;
				CLANG_WARN_INFINITE_RECURSION = YES;
				CLANG_WARN_INT_CONVERSION = YES;
				CLANG_WARN_NON_LITERAL_NULL_CONVERSION = YES;
				CLANG_WARN_OBJC_IMPLICIT_RETAIN_SELF = YES;
				CLANG_WARN_OBJC_LITERAL_CONVERSION = YES;
				CLANG_WARN_OBJC_ROOT_CLASS = YES_ERROR;
				CLANG_WARN_RANGE_LOOP_ANALYSIS = YES;
				CLANG_WARN_STRICT_PROTOTYPES = YES;
				CLANG_WARN_SUSPICIOUS_MOVE = YES;
				CLANG_WARN_UNGUARDED_AVAILABILITY = YES_AGGRESSIVE;
				CLANG_WARN_UNREACHABLE_CODE = YES;
				CLANG_WARN__DUPLICATE_METHOD_MATCH = YES;
				CODE_SIGN_IDENTITY = "iPhone Developer";
				COPY_PHASE_STRIP = NO;
				DEBUG_INFORMATION_FORMAT = "dwarf-with-dsym";
				ENABLE_NS_ASSERTIONS = NO;
				ENABLE_STRICT_OBJC_MSGSEND = YES;
				FRAMEWORK_SEARCH_PATHS = "$(inherited)";
				GCC_C_LANGUAGE_STANDARD = gnu11;
				GCC_NO_COMMON_BLOCKS = YES;
				GCC_WARN_64_TO_32_BIT_CONVERSION = YES;
				GCC_WARN_ABOUT_RETURN_TYPE = YES_ERROR;
				GCC_WARN_UNDECLARED_SELECTOR = YES;
				GCC_WARN_UNINITIALIZED_AUTOS = YES_AGGRESSIVE;
				GCC_WARN_UNUSED_FUNCTION = YES;
				GCC_WARN_UNUSED_VARIABLE = YES;
				HEADER_SEARCH_PATHS = (
					"$(inherited)",
					"$(SRCROOT)/../node_modules/react-native/React/**",
				);
				IPHONEOS_DEPLOYMENT_TARGET = 8.0;
				LIBRARY_SEARCH_PATHS = "$(inherited)";
				MTL_ENABLE_DEBUG_INFO = NO;
				MTL_FAST_MATH = YES;
				SDKROOT = iphoneos;
				VALIDATE_PRODUCT = YES;
			};
			name = Release;
		};
		A5EB26182244ECD7000AC6CD /* Debug */ = {
			isa = XCBuildConfiguration;
			buildSettings = {
				CODE_SIGN_STYLE = Automatic;
				DEVELOPMENT_TEAM = 56S4B84HA8;
				OTHER_LDFLAGS = "-ObjC";
				PRODUCT_NAME = "$(TARGET_NAME)";
				SKIP_INSTALL = YES;
				TARGETED_DEVICE_FAMILY = "1,2";
			};
			name = Debug;
		};
		A5EB26192244ECD7000AC6CD /* Release */ = {
			isa = XCBuildConfiguration;
			buildSettings = {
				CODE_SIGN_STYLE = Automatic;
				DEVELOPMENT_TEAM = 56S4B84HA8;
				OTHER_LDFLAGS = "-ObjC";
				PRODUCT_NAME = "$(TARGET_NAME)";
				SKIP_INSTALL = YES;
				TARGETED_DEVICE_FAMILY = "1,2";
			};
			name = Release;
		};
/* End XCBuildConfiguration section */

/* Begin XCConfigurationList section */
		A5EB26092244ECD7000AC6CD /* Build configuration list for PBXProject "RNRtc" */ = {
			isa = XCConfigurationList;
			buildConfigurations = (
				A5EB26152244ECD7000AC6CD /* Debug */,
				A5EB26162244ECD7000AC6CD /* Release */,
			);
			defaultConfigurationIsVisible = 0;
			defaultConfigurationName = Release;
		};
		A5EB26172244ECD7000AC6CD /* Build configuration list for PBXNativeTarget "RNRtc" */ = {
			isa = XCConfigurationList;
			buildConfigurations = (
				A5EB26182244ECD7000AC6CD /* Debug */,
				A5EB26192244ECD7000AC6CD /* Release */,
			);
			defaultConfigurationIsVisible = 0;
			defaultConfigurationName = Release;
		};
/* End XCConfigurationList section */
	};
	rootObject = A5EB26062244ECD7000AC6CD /* Project object */;
}
